
Microsoft Visual Studio Solution File, Format Version 12.00
# Visual Studio Version 17
VisualStudioVersion = 17.5.33516.290
MinimumVisualStudioVersion = 10.0.40219.1
Project("{FAE04EC0-301F-11D3-BF4B-00C04F79EFBC}") = "RazorDevPageBug", "RazorDevPageBug\RazorDevPageBug.csproj", "{849F52CB-4F53-4B97-8D0F-FCEA5276E09B}"
EndProject
Project("{FAE04EC0-301F-11D3-BF4B-00C04F79EFBC}") = "MyLib", "MyLib\MyLib.csproj", "{CECC85F6-FD8C-41F8-A537-0A5DA4DDEFF2}"
EndProject
Global
	GlobalSection(SolutionConfigurationPlatforms) = preSolution
		Debug|Any CPU = Debug|Any CPU
		Release|Any CPU = Release|Any CPU
	EndGlobalSection
	GlobalSection(ProjectConfigurationPlatforms) = postSolution
		{849F52CB-4F53-4B97-8D0F-FCEA5276E09B}.Debug|Any CPU.ActiveCfg = Debug|Any CPU
		{849F52CB-4F53-4B97-8D0F-FCEA5276E09B}.Debug|Any CPU.Build.0 = Debug|Any CPU
		{849F52CB-4F53-4B97-8D0F-FCEA5276E09B}.Release|Any CPU.ActiveCfg = Release|Any CPU
		{849F52CB-4F53-4B97-8D0F-FCEA5276E09B}.Release|Any CPU.Build.0 = Release|Any CPU
		{CECC85F6-FD8C-41F8-A537-0A5DA4DDEFF2}.Debug|Any CPU.ActiveCfg = Debug|Any CPU
		{CECC85F6-FD8C-41F8-A537-0A5DA4DDEFF2}.Debug|Any CPU.Build.0 = Debug|Any CPU
		{CECC85F6-FD8C-41F8-A537-0A5DA4DDEFF2}.Release|Any CPU.ActiveCfg = Release|Any CPU
		{CECC85F6-FD8C-41F8-A537-0A5DA4DDEFF2}.Release|Any CPU.Build.0 = Release|Any CPU
	EndGlobalSection
	GlobalSection(SolutionProperties) = preSolution
		HideSolutionNode = FALSE
	EndGlobalSection
	GlobalSection(ExtensibilityGlobals) = postSolution
		SolutionGuid = {EAFAF7B5-DF12-43B8-AC21-11BA664BBD9F}
	EndGlobalSection
EndGlobal
